
Microsoft Visual Studio Solution File, Format Version 11.00
# Visual C++ Express 2010
Project("{8BC9CEB8-8B4A-11D0-8D11-00A0C91BC942}") = "CSA-MSA", "CSA-MSA.vcxproj", "{461A26E1-2EDB-0EB7-4C0E-A2D5C76EA4CA}"
EndProject
Global
	GlobalSection(SolutionConfigurationPlatforms) = preSolution
		Debug|Win32 = Debug|Win32
		Release|Win32 = Release|Win32
	EndGlobalSection
	GlobalSection(ProjectConfigurationPlatforms) = postSolution
		{461A26E1-2EDB-0EB7-4C0E-A2D5C76EA4CA}.Debug|Win32.ActiveCfg = Debug|Win32
		{461A26E1-2EDB-0EB7-4C0E-A2D5C76EA4CA}.Debug|Win32.Build.0 = Debug|Win32
		{461A26E1-2EDB-0EB7-4C0E-A2D5C76EA4CA}.Release|Win32.ActiveCfg = Release|Win32
		{461A26E1-2EDB-0EB7-4C0E-A2D5C76EA4CA}.Release|Win32.Build.0 = Release|Win32
	EndGlobalSection
	GlobalSection(SolutionProperties) = preSolution
		HideSolutionNode = FALSE
	EndGlobalSection
EndGlobal
